{
  "name": "gateway-service-test",
  "version": "1.0.0",
  "lockfileVersion": 3,
  "requires": true,
  "packages": {
    "": {
      "name": "gateway-service-test",
      "version": "1.0.0",
      "license": "MIT",
      "dependencies": {
        "nats": "^2.29.3",
        "oceanic.js": "^1.13.0",
        "redis": "^5.10.0"
      },
      "devDependencies": {
        "@types/node": "^25.0.3",
        "typescript": "^5.9.3"
      }
    },
    "node_modules/@discordjs/voice": {
      "version": "0.18.0",
      "resolved": "https://registry.npmjs.org/@discordjs/voice/-/voice-0.18.0.tgz",
      "integrity": "sha512-BvX6+VJE5/vhD9azV9vrZEt9hL1G+GlOdsQaVl5iv9n87fkXjf3cSwllhR3GdaUC8m6dqT8umXIWtn3yCu4afg==",
      "license": "Apache-2.0",
      "optional": true,
      "dependencies": {
        "@types/ws": "^8.5.12",
        "discord-api-types": "^0.37.103",
        "prism-media": "^1.3.5",
        "tslib": "^2.6.3",
        "ws": "^8.18.0"
      },
      "engines": {
        "node": ">=18"
      },
      "funding": {
        "url": "https://github.com/discordjs/discord.js?sponsor"
      }
    },
    "node_modules/@redis/bloom": {
      "version": "5.10.0",
      "resolved": "https://registry.npmjs.org/@redis/bloom/-/bloom-5.10.0.tgz",
      "integrity": "sha512-doIF37ob+l47n0rkpRNgU8n4iacBlKM9xLiP1LtTZTvz8TloJB8qx/MgvhMhKdYG+CvCY2aPBnN2706izFn/4A==",
      "license": "MIT",
      "engines": {
        "node": ">= 18"
      },
      "peerDependencies": {
        "@redis/client": "^5.10.0"
      }
    },
    "node_modules/@redis/client": {
      "version": "5.10.0",
      "resolved": "https://registry.npmjs.org/@redis/client/-/client-5.10.0.tgz",
      "integrity": "sha512-JXmM4XCoso6C75Mr3lhKA3eNxSzkYi3nCzxDIKY+YOszYsJjuKbFgVtguVPbLMOttN4iu2fXoc2BGhdnYhIOxA==",
      "license": "MIT",
      "peer": true,
      "dependencies": {
        "cluster-key-slot": "1.1.2"
      },
      "engines": {
        "node": ">= 18"
      }
    },
    "node_modules/@redis/json": {
      "version": "5.10.0",
      "resolved": "https://registry.npmjs.org/@redis/json/-/json-5.10.0.tgz",
      "integrity": "sha512-B2G8XlOmTPUuZtD44EMGbtoepQG34RCDXLZbjrtON1Djet0t5Ri7/YPXvL9aomXqP8lLTreaprtyLKF4tmXEEA==",
      "license": "MIT",
      "engines": {
        "node": ">= 18"
      },
      "peerDependencies": {
        "@redis/client": "^5.10.0"
      }
    },
    "node_modules/@redis/search": {
      "version": "5.10.0",
      "resolved": "https://registry.npmjs.org/@redis/search/-/search-5.10.0.tgz",
      "integrity": "sha512-3SVcPswoSfp2HnmWbAGUzlbUPn7fOohVu2weUQ0S+EMiQi8jwjL+aN2p6V3TI65eNfVsJ8vyPvqWklm6H6esmg==",
      "license": "MIT",
      "engines": {
        "node": ">= 18"
      },
      "peerDependencies": {
        "@redis/client": "^5.10.0"
      }
    },
    "node_modules/@redis/time-series": {
      "version": "5.10.0",
      "resolved": "https://registry.npmjs.org/@redis/time-series/-/time-series-5.10.0.tgz",
      "integrity": "sha512-cPkpddXH5kc/SdRhF0YG0qtjL+noqFT0AcHbQ6axhsPsO7iqPi1cjxgdkE9TNeKiBUUdCaU1DbqkR/LzbzPBhg==",
      "license": "MIT",
      "engines": {
        "node": ">= 18"
      },
      "peerDependencies": {
        "@redis/client": "^5.10.0"
      }
    },
    "node_modules/@types/node": {
      "version": "25.0.3",
      "resolved": "https://registry.npmjs.org/@types/node/-/node-25.0.3.tgz",
      "integrity": "sha512-W609buLVRVmeW693xKfzHeIV6nJGGz98uCPfeXI1ELMLXVeKYZ9m15fAMSaUPBHYLGFsVRcMmSCksQOrZV9BYA==",
      "devOptional": true,
      "license": "MIT",
      "dependencies": {
        "undici-types": "~7.16.0"
      }
    },
    "node_modules/@types/ws": {
      "version": "8.18.1",
      "resolved": "https://registry.npmjs.org/@types/ws/-/ws-8.18.1.tgz",
      "integrity": "sha512-ThVF6DCVhA8kUGy+aazFQ4kXQ7E1Ty7A3ypFOe0IcJV8O/M511G99AW24irKrW56Wt44yG9+ij8FaqoBGkuBXg==",
      "license": "MIT",
      "optional": true,
      "dependencies": {
        "@types/node": "*"
      }
    },
    "node_modules/cluster-key-slot": {
      "version": "1.1.2",
      "resolved": "https://registry.npmjs.org/cluster-key-slot/-/cluster-key-slot-1.1.2.tgz",
      "integrity": "sha512-RMr0FhtfXemyinomL4hrWcYJxmX6deFdCxpJzhDttxgO1+bcCnkk+9drydLVDmAMG7NE6aN/fl4F7ucU/90gAA==",
      "license": "Apache-2.0",
      "engines": {
        "node": ">=0.10.0"
      }
    },
    "node_modules/discord-api-types": {
      "version": "0.37.120",
      "resolved": "https://registry.npmjs.org/discord-api-types/-/discord-api-types-0.37.120.tgz",
      "integrity": "sha512-7xpNK0EiWjjDFp2nAhHXezE4OUWm7s1zhc/UXXN6hnFFU8dfoPHgV0Hx0RPiCa3ILRpdeh152icc68DGCyXYIw==",
      "license": "MIT",
      "optional": true
    },
    "node_modules/nats": {
      "version": "2.29.3",
      "resolved": "https://registry.npmjs.org/nats/-/nats-2.29.3.tgz",
      "integrity": "sha512-tOQCRCwC74DgBTk4pWZ9V45sk4d7peoE2njVprMRCBXrhJ5q5cYM7i6W+Uvw2qUrcfOSnuisrX7bEx3b3Wx4QA==",
      "license": "Apache-2.0",
      "dependencies": {
        "nkeys.js": "1.1.0"
      },
      "engines": {
        "node": ">= 14.0.0"
      }
    },
    "node_modules/nkeys.js": {
      "version": "1.1.0",
      "resolved": "https://registry.npmjs.org/nkeys.js/-/nkeys.js-1.1.0.tgz",
      "integrity": "sha512-tB/a0shZL5UZWSwsoeyqfTszONTt4k2YS0tuQioMOD180+MbombYVgzDUYHlx+gejYK6rgf08n/2Df99WY0Sxg==",
      "license": "Apache-2.0",
      "dependencies": {
        "tweetnacl": "1.0.3"
      },
      "engines": {
        "node": ">=10.0.0"
      }
    },
    "node_modules/oceanic.js": {
      "version": "1.13.0",
      "resolved": "https://registry.npmjs.org/oceanic.js/-/oceanic.js-1.13.0.tgz",
      "integrity": "sha512-WXE8KhAZI9Fv/OsD+mEYMnRq363XfDHlPLiYe52SF+ND7+HyUxYuhBxDhPx2DqXUuC7fiB4ocxiMZGvlvHLVCQ==",
      "license": "MIT",
      "dependencies": {
        "tslib": "^2.8.1",
        "ws": "^8.18.3"
      },
      "engines": {
        "node": ">=18.13.0"
      },
      "optionalDependencies": {
        "@discordjs/voice": "^0.18.0"
      }
    },
    "node_modules/prism-media": {
      "version": "1.3.5",
      "resolved": "https://registry.npmjs.org/prism-media/-/prism-media-1.3.5.tgz",
      "integrity": "sha512-IQdl0Q01m4LrkN1EGIE9lphov5Hy7WWlH6ulf5QdGePLlPas9p2mhgddTEHrlaXYjjFToM1/rWuwF37VF4taaA==",
      "license": "Apache-2.0",
      "optional": true,
      "peerDependencies": {
        "@discordjs/opus": ">=0.8.0 <1.0.0",
        "ffmpeg-static": "^5.0.2 || ^4.2.7 || ^3.0.0 || ^2.4.0",
        "node-opus": "^0.3.3",
        "opusscript": "^0.0.8"
      },
      "peerDependenciesMeta": {
        "@discordjs/opus": {
          "optional": true
        },
        "ffmpeg-static": {
          "optional": true
        },
        "node-opus": {
          "optional": true
        },
        "opusscript": {
          "optional": true
        }
      }
    },
    "node_modules/redis": {
      "version": "5.10.0",
      "resolved": "https://registry.npmjs.org/redis/-/redis-5.10.0.tgz",
      "integrity": "sha512-0/Y+7IEiTgVGPrLFKy8oAEArSyEJkU0zvgV5xyi9NzNQ+SLZmyFbUsWIbgPcd4UdUh00opXGKlXJwMmsis5Byw==",
      "license": "MIT",
      "dependencies": {
        "@redis/bloom": "5.10.0",
        "@redis/client": "5.10.0",
        "@redis/json": "5.10.0",
        "@redis/search": "5.10.0",
        "@redis/time-series": "5.10.0"
      },
      "engines": {
        "node": ">= 18"
      }
    },
    "node_modules/tslib": {
      "version": "2.8.1",
      "resolved": "https://registry.npmjs.org/tslib/-/tslib-2.8.1.tgz",
      "integrity": "sha512-oJFu94HQb+KVduSUQL7wnpmqnfmLsOA/nAh6b6EH0wCEoK0/mPeXU6c3wKDV83MkOuHPRHtSXKKU99IBazS/2w==",
      "license": "0BSD"
    },
    "node_modules/tweetnacl": {
      "version": "1.0.3",
      "resolved": "https://registry.npmjs.org/tweetnacl/-/tweetnacl-1.0.3.tgz",
      "integrity": "sha512-6rt+RN7aOi1nGMyC4Xa5DdYiukl2UWCbcJft7YhxReBGQD7OAM8Pbxw6YMo4r2diNEA8FEmu32YOn9rhaiE5yw==",
      "license": "Unlicense"
    },
    "node_modules/typescript": {
      "version": "5.9.3",
      "resolved": "https://registry.npmjs.org/typescript/-/typescript-5.9.3.tgz",
      "integrity": "sha512-jl1vZzPDinLr9eUt3J/t7V6FgNEw9QjvBPdysz9KfQDD41fQrC2Y4vKQdiaUpFT4bXlb1RHhLpp8wtm6M5TgSw==",
      "dev": true,
      "license": "Apache-2.0",
      "bin": {
        "tsc": "bin/tsc",
        "tsserver": "bin/tsserver"
      },
      "engines": {
        "node": ">=14.17"
      }
    },
    "node_modules/undici-types": {
      "version": "7.16.0",
      "resolved": "https://registry.npmjs.org/undici-types/-/undici-types-7.16.0.tgz",
      "integrity": "sha512-Zz+aZWSj8LE6zoxD+xrjh4VfkIG8Ya6LvYkZqtUQGJPZjYl53ypCaUwWqo7eI0x66KBGeRo+mlBEkMSeSZ38Nw==",
      "devOptional": true,
      "license": "MIT"
    },
    "node_modules/ws": {
      "version": "8.18.3",
      "resolved": "https://registry.npmjs.org/ws/-/ws-8.18.3.tgz",
      "integrity": "sha512-PEIGCY5tSlUt50cqyMXfCzX+oOPqN0vuGqWzbcJ2xvnkzkq46oOpz7dQaTDBdfICb4N14+GARUDw2XV2N4tvzg==",
      "license": "MIT",
      "engines": {
        "node": ">=10.0.0"
      },
      "peerDependencies": {
        "bufferutil": "^4.0.1",
        "utf-8-validate": ">=5.0.2"
      },
      "peerDependenciesMeta": {
        "bufferutil": {
          "optional": true
        },
        "utf-8-validate": {
          "optional": true
        }
      }
    }
  }
}
